
Microsoft Visual Studio Solution File, Format Version 12.00
# Visual Studio Version 17
VisualStudioVersion = 17.7.34009.444
MinimumVisualStudioVersion = 10.0.40219.1
Project("{9A19103F-16F7-4668-BE54-9A1E7A4F7556}") = "TestProject", "TestProject.csproj", "{B25FF255-D496-4294-A70E-37E5CEC39180}"
EndProject
Global
	GlobalSection(SolutionConfigurationPlatforms) = preSolution
		Debug|Any CPU = Debug|Any CPU
		Release|Any CPU = Release|Any CPU
	EndGlobalSection
	GlobalSection(ProjectConfigurationPlatforms) = postSolution
		{B25FF255-D496-4294-A70E-37E5CEC39180}.Debug|Any CPU.ActiveCfg = Debug|Any CPU
		{B25FF255-D496-4294-A70E-37E5CEC39180}.Debug|Any CPU.Build.0 = Debug|Any CPU
		{B25FF255-D496-4294-A70E-37E5CEC39180}.Release|Any CPU.ActiveCfg = Release|Any CPU
		{B25FF255-D496-4294-A70E-37E5CEC39180}.Release|Any CPU.Build.0 = Release|Any CPU
	EndGlobalSection
	GlobalSection(SolutionProperties) = preSolution
		HideSolutionNode = FALSE
	EndGlobalSection
	GlobalSection(ExtensibilityGlobals) = postSolution
		SolutionGuid = {5B51B4FC-41B1-4B9F-9C65-DB43AE36B90C}
	EndGlobalSection
EndGlobal
